Microsoft Visual Studio Solution File, Format Version 12.00
# Visual Studio 15
VisualStudioVersion = 15.0.26228.12
MinimumVisualStudioVersion = 10.0.40219.1
Project("{BC8A1FFA-BEE3-4634-8014-F334798102B3}") = "StaticHeapAnalyzer", "StaticHeapAnalyzer\\StaticHeapAnalyzer.vcxproj", "{E9C5CE33-2C7E-4A6A-98E7-0E7D6D6A61A8}"
EndProject
Project("{BC8A1FFA-BEE3-4634-8014-F334798102B3}") = "StaticHeapAnalyzerGUI", "StaticHeapAnalyzerGUI\\StaticHeapAnalyzerGUI.vcxproj", "{A2B3C4D5-E6F7-8901-BCDE-F12345678901}"
EndProject
Global
	GlobalSection(SolutionConfigurationPlatforms) = preSolution
		Debug|x64 = Debug|x64
		Debug|x86 = Debug|x86
		Release|x64 = Release|x64
		Release|x86 = Release|x86
	EndGlobalSection
	GlobalSection(ProjectConfigurationPlatforms) = postSolution
		{E9C5CE33-2C7E-4A6A-98E7-0E7D6D6A61A8}.Debug|x64.ActiveCfg = Debug|x64
		{E9C5CE33-2C7E-4A6A-98E7-0E7D6D6A61A8}.Debug|x64.Build.0 = Debug|x64
		{E9C5CE33-2C7E-4A6A-98E7-0E7D6D6A61A8}.Debug|x86.ActiveCfg = Debug|Win32
		{E9C5CE33-2C7E-4A6A-98E7-0E7D6D6A61A8}.Debug|x86.Build.0 = Debug|Win32
		{E9C5CE33-2C7E-4A6A-98E7-0E7D6D6A61A8}.Release|x64.ActiveCfg = Release|x64
		{E9C5CE33-2C7E-4A6A-98E7-0E7D6D6A61A8}.Release|x64.Build.0 = Release|x64
		{E9C5CE33-2C7E-4A6A-98E7-0E7D6D6A61A8}.Release|x86.ActiveCfg = Release|Win32
		{E9C5CE33-2C7E-4A6A-98E7-0E7D6D6A61A8}.Release|x86.Build.0 = Release|Win32
		{A2B3C4D5-E6F7-8901-BCDE-F12345678901}.Debug|x64.ActiveCfg = Debug|x64
		{A2B3C4D5-E6F7-8901-BCDE-F12345678901}.Debug|x64.Build.0 = Debug|x64
		{A2B3C4D5-E6F7-8901-BCDE-F12345678901}.Debug|x86.ActiveCfg = Debug|x64
		{A2B3C4D5-E6F7-8901-BCDE-F12345678901}.Release|x64.ActiveCfg = Release|x64
		{A2B3C4D5-E6F7-8901-BCDE-F12345678901}.Release|x64.Build.0 = Release|x64
		{A2B3C4D5-E6F7-8901-BCDE-F12345678901}.Release|x86.ActiveCfg = Release|x64
	EndGlobalSection
	GlobalSection(SolutionProperties) = preSolution
		HideSolutionNode = FALSE
	EndGlobalSection
EndGlobal
